
Microsoft Visual Studio Solution File, Format Version 12.00
# Visual Studio Version 17
VisualStudioVersion = 17.10.35027.167
MinimumVisualStudioVersion = 10.0.40219.1
Project("{FAE04EC0-301F-11D3-BF4B-00C04F79EFBC}") = "CustomerManagerWebAPI", "CustomerManagerWebAPI\CustomerManagerWebAPI.csproj", "{B77C2B84-AD80-410B-BEC3-6533CC081CD6}"
EndProject
Global
	GlobalSection(SolutionConfigurationPlatforms) = preSolution
		Debug|Any CPU = Debug|Any CPU
		Release|Any CPU = Release|Any CPU
	EndGlobalSection
	GlobalSection(ProjectConfigurationPlatforms) = postSolution
		{B77C2B84-AD80-410B-BEC3-6533CC081CD6}.Debug|Any CPU.ActiveCfg = Debug|Any CPU
		{B77C2B84-AD80-410B-BEC3-6533CC081CD6}.Debug|Any CPU.Build.0 = Debug|Any CPU
		{B77C2B84-AD80-410B-BEC3-6533CC081CD6}.Release|Any CPU.ActiveCfg = Release|Any CPU
		{B77C2B84-AD80-410B-BEC3-6533CC081CD6}.Release|Any CPU.Build.0 = Release|Any CPU
	EndGlobalSection
	GlobalSection(SolutionProperties) = preSolution
		HideSolutionNode = FALSE
	EndGlobalSection
	GlobalSection(ExtensibilityGlobals) = postSolution
		SolutionGuid = {BCA9581E-5B45-4DA9-8550-C60B5941E1E5}
	EndGlobalSection
EndGlobal
